
Microsoft Visual Studio Solution File, Format Version 12.00
# Visual Studio 14
VisualStudioVersion = 14.0.25420.1
MinimumVisualStudioVersion = 10.0.40219.1
Project("{FAE04EC0-301F-11D3-BF4B-00C04F79EFBC}") = "VOB.Web", "Reports_VOB\VOB.Web.csproj", "{BE88D225-B032-45BD-A009-587492E17206}"
EndProject
Project("{2150E333-8FDC-42A3-9474-1A3956D46DE8}") = "Documentacion", "Documentacion", "{AAB845E1-FD01-4896-B049-07BA9016D8B1}"
	ProjectSection(SolutionItems) = preProject
		Documentacion\Iconexa - Manual de uso - Planilla Excel & Reportes.docx = Documentacion\Iconexa - Manual de uso - Planilla Excel & Reportes.docx
		Documentacion\Iconexa - Manual Instalación VOB.docx = Documentacion\Iconexa - Manual Instalación VOB.docx
		Documentacion\Iconexa - Manual Técnico.docx = Documentacion\Iconexa - Manual Técnico.docx
	EndProjectSection
EndProject
Project("{2150E333-8FDC-42A3-9474-1A3956D46DE8}") = "BaseDatos", "BaseDatos", "{9BDD9225-5FDA-41D0-A0A9-C3F67CEF44FC}"
	ProjectSection(SolutionItems) = preProject
		BaseDatos\VOB_Scripts.sql = BaseDatos\VOB_Scripts.sql
	EndProjectSection
EndProject
Project("{2150E333-8FDC-42A3-9474-1A3956D46DE8}") = "Reportes", "Reportes", "{C2A09BAB-79AE-4DB2-A22C-DE3A1E8434B8}"
	ProjectSection(SolutionItems) = preProject
		Reportes\Balances Individual-Consolidado.rdl = Reportes\Balances Individual-Consolidado.rdl
	EndProjectSection
EndProject
Global
	GlobalSection(SolutionConfigurationPlatforms) = preSolution
		Debug|Any CPU = Debug|Any CPU
		Release|Any CPU = Release|Any CPU
	EndGlobalSection
	GlobalSection(ProjectConfigurationPlatforms) = postSolution
		{BE88D225-B032-45BD-A009-587492E17206}.Debug|Any CPU.ActiveCfg = Debug|Any CPU
		{BE88D225-B032-45BD-A009-587492E17206}.Debug|Any CPU.Build.0 = Debug|Any CPU
		{BE88D225-B032-45BD-A009-587492E17206}.Release|Any CPU.ActiveCfg = Release|Any CPU
		{BE88D225-B032-45BD-A009-587492E17206}.Release|Any CPU.Build.0 = Release|Any CPU
	EndGlobalSection
	GlobalSection(SolutionProperties) = preSolution
		HideSolutionNode = FALSE
	EndGlobalSection
EndGlobal
